
Microsoft Visual Studio Solution File, Format Version 12.00
# Visual Studio 2012
Project("{FAE04EC0-301F-11D3-BF4B-00C04F79EFBC}") = "FuFaBe", "FuFaBe\FuFaBe.csproj", "{A63176C2-F3C8-4812-869F-E92E0A222A6A}"
EndProject
Project("{FAE04EC0-301F-11D3-BF4B-00C04F79EFBC}") = "FuFaBe_Error", "FuFaBe_Error\FuFaBe_Error.csproj", "{73C391F3-CDFB-47DF-B790-F3C405F68966}"
EndProject
Global
	GlobalSection(SolutionConfigurationPlatforms) = preSolution
		Debug|Any CPU = Debug|Any CPU
		Release|Any CPU = Release|Any CPU
	EndGlobalSection
	GlobalSection(ProjectConfigurationPlatforms) = postSolution
		{A63176C2-F3C8-4812-869F-E92E0A222A6A}.Debug|Any CPU.ActiveCfg = Debug|Any CPU
		{A63176C2-F3C8-4812-869F-E92E0A222A6A}.Debug|Any CPU.Build.0 = Debug|Any CPU
		{A63176C2-F3C8-4812-869F-E92E0A222A6A}.Release|Any CPU.ActiveCfg = Release|Any CPU
		{A63176C2-F3C8-4812-869F-E92E0A222A6A}.Release|Any CPU.Build.0 = Release|Any CPU
		{73C391F3-CDFB-47DF-B790-F3C405F68966}.Debug|Any CPU.ActiveCfg = Debug|Any CPU
		{73C391F3-CDFB-47DF-B790-F3C405F68966}.Debug|Any CPU.Build.0 = Debug|Any CPU
		{73C391F3-CDFB-47DF-B790-F3C405F68966}.Release|Any CPU.ActiveCfg = Release|Any CPU
		{73C391F3-CDFB-47DF-B790-F3C405F68966}.Release|Any CPU.Build.0 = Release|Any CPU
	EndGlobalSection
	GlobalSection(SolutionProperties) = preSolution
		HideSolutionNode = FALSE
	EndGlobalSection
EndGlobal
